
Microsoft Visual Studio Solution File, Format Version 12.00
# Visual Studio 2013
VisualStudioVersion = 12.0.40629.0
MinimumVisualStudioVersion = 10.0.40219.1
Project("{FAE04EC0-301F-11D3-BF4B-00C04F79EFBC}") = "ProBuilderCore-Unity5", "ProBuilderCore-Unity5\ProBuilderCore-Unity5.csproj", "{A277A03C-0BC1-476A-93A6-C870FD24E6BF}"
EndProject
Global
	GlobalSection(SolutionConfigurationPlatforms) = preSolution
		Debug|Any CPU = Debug|Any CPU
		Release|Any CPU = Release|Any CPU
	EndGlobalSection
	GlobalSection(ProjectConfigurationPlatforms) = postSolution
		{A277A03C-0BC1-476A-93A6-C870FD24E6BF}.Debug|Any CPU.ActiveCfg = Debug|Any CPU
		{A277A03C-0BC1-476A-93A6-C870FD24E6BF}.Debug|Any CPU.Build.0 = Debug|Any CPU
		{A277A03C-0BC1-476A-93A6-C870FD24E6BF}.Release|Any CPU.ActiveCfg = Release|Any CPU
		{A277A03C-0BC1-476A-93A6-C870FD24E6BF}.Release|Any CPU.Build.0 = Release|Any CPU
	EndGlobalSection
	GlobalSection(SolutionProperties) = preSolution
		HideSolutionNode = FALSE
	EndGlobalSection
EndGlobal
