
Microsoft Visual Studio Solution File, Format Version 11.00
# Visual Studio 2010
Project("{FAE04EC0-301F-11D3-BF4B-00C04F79EFBC}") = "ProBuilderCore", "ProBuilderCore\ProBuilderCore.csproj", "{D2775E4B-DBCF-4400-B021-DD658506B9FA}"
EndProject
Global
	GlobalSection(SolutionConfigurationPlatforms) = preSolution
		Debug|Any CPU = Debug|Any CPU
		Release|Any CPU = Release|Any CPU
	EndGlobalSection
	GlobalSection(ProjectConfigurationPlatforms) = postSolution
		{D2775E4B-DBCF-4400-B021-DD658506B9FA}.Debug|Any CPU.ActiveCfg = Debug|Any CPU
		{D2775E4B-DBCF-4400-B021-DD658506B9FA}.Debug|Any CPU.Build.0 = Debug|Any CPU
		{D2775E4B-DBCF-4400-B021-DD658506B9FA}.Release|Any CPU.ActiveCfg = Release|Any CPU
		{D2775E4B-DBCF-4400-B021-DD658506B9FA}.Release|Any CPU.Build.0 = Release|Any CPU
	EndGlobalSection
	GlobalSection(MonoDevelopProperties) = preSolution
		StartupItem = ProBuilderCore\ProBuilderCore.csproj
		outputpath = ..\..\bin\DLL
	EndGlobalSection
	GlobalSection(SolutionProperties) = preSolution
		HideSolutionNode = FALSE
	EndGlobalSection
EndGlobal
